{
  "pins" : [
    {
      "identity" : "firstpackage",
      "kind" : "remoteSourceControl",
      "location" : "https://github.com/Neftali-Samarey/FirstPackage.git",
      "state" : {
        "branch" : "main",
        "revision" : "63e06c2ef2a5c1d46f0b43bcc3c929f01f2607bb"
      }
    }
  ],
  "version" : 2
}
