{
  "pins" : [
    {
      "identity" : "firstpackage",
      "kind" : "remoteSourceControl",
      "location" : "https://github.com/Neftali-Samarey/FirstPackage.git",
      "state" : {
        "branch" : "main",
        "revision" : "86402e215a708a8a6c48d7eec1233587f6f42f3c"
      }
    }
  ],
  "version" : 2
}
